
Microsoft Visual Studio Solution File, Format Version 12.00
# Visual Studio Version 17
VisualStudioVersion = 17.13.35931.197 d17.13
MinimumVisualStudioVersion = 10.0.40219.1
Project("{FAE04EC0-301F-11D3-BF4B-00C04F79EFBC}") = "zadacha bratle", "zadacha bratle.csproj", "{9088ECA9-B196-4D30-9EAD-DCA68680CD8F}"
EndProject
Global
	GlobalSection(SolutionConfigurationPlatforms) = preSolution
		Debug|Any CPU = Debug|Any CPU
		Release|Any CPU = Release|Any CPU
	EndGlobalSection
	GlobalSection(ProjectConfigurationPlatforms) = postSolution
		{9088ECA9-B196-4D30-9EAD-DCA68680CD8F}.Debug|Any CPU.ActiveCfg = Debug|Any CPU
		{9088ECA9-B196-4D30-9EAD-DCA68680CD8F}.Debug|Any CPU.Build.0 = Debug|Any CPU
		{9088ECA9-B196-4D30-9EAD-DCA68680CD8F}.Release|Any CPU.ActiveCfg = Release|Any CPU
		{9088ECA9-B196-4D30-9EAD-DCA68680CD8F}.Release|Any CPU.Build.0 = Release|Any CPU
	EndGlobalSection
	GlobalSection(SolutionProperties) = preSolution
		HideSolutionNode = FALSE
	EndGlobalSection
	GlobalSection(ExtensibilityGlobals) = postSolution
		SolutionGuid = {DF0B98E9-166D-4A7D-A0C3-AB97F7493D82}
	EndGlobalSection
EndGlobal
